<?xml version="1.0" encoding="utf-8"?>
<Project ToolsVersion="4.0" xmlns="http://schemas.microsoft.com/developer/msbuild/2003">
  <ItemGroup>
    <ClCompile Include="Game.cpp" />
    <ClCompile Include="stdafx.cpp" />
    <ClCompile Include="App\app.cpp">
      <Filter>API</Filter>
    </ClCompile>
    <ClCompile Include="App\main.cpp">
      <Filter>API</Filter>
    </ClCompile>
    <ClCompile Include="App\SimpleController.cpp">
      <Filter>API</Filter>
    </ClCompile>
    <ClCompile Include="App\SimpleSound.cpp">
      <Filter>API</Filter>
    </ClCompile>
    <ClCompile Include="App\SimpleSprite.cpp">
      <Filter>API</Filter>
    </ClCompile>
    <ClCompile Include="stb_image\stb_image.cpp">
      <Filter>stb_image</Filter>
    </ClCompile>
    <ClCompile Include="src\math\Mathf.cpp" />
    <ClCompile Include="src\math\Vector3.cpp" />
    <ClCompile Include="src\math\MathUtility.cpp" />
    <ClCompile Include="src\scenes\SceneController.cpp" />
    <ClCompile Include="src\scenes\GameplayScene.cpp" />
    <ClCompile Include="src\levels\LevelGenerator.cpp" />
    <ClCompile Include="src\scenes\MenuScene.cpp" />
    <ClCompile Include="src\scenes\Scene.cpp" />
    <ClCompile Include="src\levels\Level.cpp" />
    <ClCompile Include="src\rendering\ShapeRenderer.cpp" />
    <ClCompile Include="src\components\Player.cpp" />
    <ClCompile Include="src\components\Raycaster.cpp" />
    <ClCompile Include="src\components\Collider.cpp" />
    <ClCompile Include="src\components\Physics.cpp" />
  </ItemGroup>
  <ItemGroup>
    <ClInclude Include="stdafx.h" />
    <ClInclude Include="App\app.h">
      <Filter>API</Filter>
    </ClInclude>
    <ClInclude Include="App\AppSettings.h">
      <Filter>API</Filter>
    </ClInclude>
    <ClInclude Include="App\main.h">
      <Filter>API</Filter>
    </ClInclude>
    <ClInclude Include="App\SimpleController.h">
      <Filter>API</Filter>
    </ClInclude>
    <ClInclude Include="App\SimpleSound.h">
      <Filter>API</Filter>
    </ClInclude>
    <ClInclude Include="App\SimpleSprite.h">
      <Filter>API</Filter>
    </ClInclude>
    <ClInclude Include="targetver.h">
      <Filter>API</Filter>
    </ClInclude>
    <ClInclude Include="stb_image\stb_image.h">
      <Filter>stb_image</Filter>
    </ClInclude>
    <ClInclude Include="src\math\Mathf.h" />
    <ClInclude Include="src\math\Vector3.h" />
    <ClInclude Include="src\math\MathUtility.h" />
    <ClInclude Include="src\scenes\Scene.h" />
    <ClInclude Include="src\scenes\SceneController.h" />
    <ClInclude Include="src\scenes\GameplayScene.h" />
    <ClInclude Include="src\levels\LevelGenerator.h" />
    <ClInclude Include="src\Globals.h" />
    <ClInclude Include="src\scenes\MenuScene.h" />
    <ClInclude Include="src\levels\Level.h" />
    <ClInclude Include="src\rendering\ShapeRenderer.h" />
    <ClInclude Include="src\rendering\RenderColour.h" />
    <ClInclude Include="src\components\Player.h" />
    <ClInclude Include="src\components\Component.h" />
    <ClInclude Include="src\utility\TypeIDGenerator.h" />
    <ClInclude Include="src\components\Mesh.h" />
    <ClInclude Include="src\components\Transform.h" />
    <ClInclude Include="src\components\Collider.h" />
    <ClInclude Include="src\components\Physics.h" />
    <ClInclude Include="src\entities\Entity.h" />
    <ClInclude Include="src\components\Raycaster.h" />
    <ClInclude Include="src\components\Projectile.h" />
    <ClInclude Include="src\pools\Pool.h" />
  </ItemGroup>
  <ItemGroup>
    <Filter Include="stb_image">
      <UniqueIdentifier>{61cfc19b-c57e-4021-b530-bac172fcba86}</UniqueIdentifier>
    </Filter>
    <Filter Include="API">
      <UniqueIdentifier>{f318918d-bb9f-4402-ae1c-4f72186d16f6}</UniqueIdentifier>
    </Filter>
  </ItemGroup>
  <ItemGroup>
    <Text Include="ReadMe.txt">
      <Filter>API</Filter>
    </Text>
  </ItemGroup>
</Project>